
Microsoft Visual Studio Solution File, Format Version 12.00
# Visual Studio Version 16
VisualStudioVersion = 16.0.29905.134
MinimumVisualStudioVersion = 15.0.26124.0
Project("{2150E333-8FDC-42A3-9474-1A3956D46DE8}") = "src", "src", "{36B0B268-BEB8-41AB-9ABC-D4030362F3F1}"
EndProject
Project("{2150E333-8FDC-42A3-9474-1A3956D46DE8}") = "07-Common", "07-Common", "{E062A46A-299F-468D-848C-7F660DED955C}"
EndProject
Project("{9A19103F-16F7-4668-BE54-9A1E7A4F7556}") = "OnlineShop.Common", "src\OnlineShop.Common\OnlineShop.Common.csproj", "{1EA39F7B-3D94-449D-B1CF-CA2C86A3F380}"
EndProject
Project("{2150E333-8FDC-42A3-9474-1A3956D46DE8}") = "05-DataLayer", "05-DataLayer", "{B6133241-F90E-419D-AC40-F1C490F33744}"
EndProject
Project("{9A19103F-16F7-4668-BE54-9A1E7A4F7556}") = "OnlineShop.DataLayer", "src\OnlineShop.DataLayer\OnlineShop.DataLayer.csproj", "{3CA53ECF-4BB5-4F44-828B-51DA1DA261C5}"
EndProject
Project("{9A19103F-16F7-4668-BE54-9A1E7A4F7556}") = "OnlineShop.DataLayer.InMemoryDatabase", "src\OnlineShop.DataLayer.InMemoryDatabase\OnlineShop.DataLayer.InMemoryDatabase.csproj", "{9FF7DDF7-C4B4-43A5-86CC-2862EF9F6F3C}"
EndProject
Project("{9A19103F-16F7-4668-BE54-9A1E7A4F7556}") = "OnlineShop.DataLayer.MSSQL", "src\OnlineShop.DataLayer.MSSQL\OnlineShop.DataLayer.MSSQL.csproj", "{E24C3AF5-5DE7-4C99-AED2-F7525524C215}"
EndProject
Project("{9A19103F-16F7-4668-BE54-9A1E7A4F7556}") = "OnlineShop.DataLayer.SQLite", "src\OnlineShop.DataLayer.SQLite\OnlineShop.DataLayer.SQLite.csproj", "{2D57ACB9-51C1-4AB7-ABD5-49096981035C}"
EndProject
Project("{2150E333-8FDC-42A3-9474-1A3956D46DE8}") = "06-Entities", "06-Entities", "{11BD20BD-13E2-4B9B-9EBE-B719ACB4A923}"
EndProject
Project("{9A19103F-16F7-4668-BE54-9A1E7A4F7556}") = "OnlineShop.Entities", "src\OnlineShop.Entities\OnlineShop.Entities.csproj", "{8EC48BD0-E0E6-4657-B03B-AE676736A7FA}"
EndProject
Project("{2150E333-8FDC-42A3-9474-1A3956D46DE8}") = "02-IocConfig", "02-IocConfig", "{09AB0B3E-D500-4B23-B5AC-85ACABCF739A}"
EndProject
Project("{9A19103F-16F7-4668-BE54-9A1E7A4F7556}") = "OnlineShop.IocConfig", "src\OnlineShop.IocConfig\OnlineShop.IocConfig.csproj", "{E62D7072-1329-44AE-A5B9-8EDC2FBCA821}"
EndProject
Project("{2150E333-8FDC-42A3-9474-1A3956D46DE8}") = "08-Test", "08-Test", "{2BBEB365-3881-4600-A25F-8A4C98605BC6}"
EndProject
Project("{9A19103F-16F7-4668-BE54-9A1E7A4F7556}") = "OnlineShop.MsTests", "src\OnlineShop.MsTests\OnlineShop.MsTests.csproj", "{4122D8D0-E757-4B75-9D4F-D7A2203AF025}"
EndProject
Project("{2150E333-8FDC-42A3-9474-1A3956D46DE8}") = "03-Service", "03-Service", "{2624F14B-852C-44B0-A46B-5FC8F3D48321}"
EndProject
Project("{9A19103F-16F7-4668-BE54-9A1E7A4F7556}") = "OnlineShop.Services", "src\OnlineShop.Services\OnlineShop.Services.csproj", "{B7AE8B6C-987F-4563-B48A-29F792F9E633}"
EndProject
Project("{2150E333-8FDC-42A3-9474-1A3956D46DE8}") = "01-Web", "01-Web", "{D135FDF0-D4D8-4424-B120-4CC344F0131C}"
EndProject
Project("{9A19103F-16F7-4668-BE54-9A1E7A4F7556}") = "OnlineShop.Web", "src\OnlineShop.Web\OnlineShop.Web.csproj", "{1E650479-C392-4D35-A42E-8E4890229599}"
EndProject
Project("{9A19103F-16F7-4668-BE54-9A1E7A4F7556}") = "OnlineShop.Resource", "src\OnlineShop.Resource\OnlineShop.Resource\OnlineShop.Resource.csproj", "{0589F8C3-B532-4862-A933-57FF61FDB43F}"
EndProject
Project("{2150E333-8FDC-42A3-9474-1A3956D46DE8}") = "04-ViewModel", "04-ViewModel", "{893402DB-5845-4A09-B4AA-6B99E9933AFA}"
EndProject
Project("{9A19103F-16F7-4668-BE54-9A1E7A4F7556}") = "OnlineShop.ViewModels", "src\OnlineShop.ViewModels\OnlineShop.ViewModels.csproj", "{73192B86-FE9E-49C9-A421-367F21E95152}"
EndProject
Global
	GlobalSection(SolutionConfigurationPlatforms) = preSolution
		Debug|Any CPU = Debug|Any CPU
		Debug|x64 = Debug|x64
		Debug|x86 = Debug|x86
		Release|Any CPU = Release|Any CPU
		Release|x64 = Release|x64
		Release|x86 = Release|x86
	EndGlobalSection
	GlobalSection(ProjectConfigurationPlatforms) = postSolution
		{1EA39F7B-3D94-449D-B1CF-CA2C86A3F380}.Debug|Any CPU.ActiveCfg = Debug|Any CPU
		{1EA39F7B-3D94-449D-B1CF-CA2C86A3F380}.Debug|Any CPU.Build.0 = Debug|Any CPU
		{1EA39F7B-3D94-449D-B1CF-CA2C86A3F380}.Debug|x64.ActiveCfg = Debug|Any CPU
		{1EA39F7B-3D94-449D-B1CF-CA2C86A3F380}.Debug|x64.Build.0 = Debug|Any CPU
		{1EA39F7B-3D94-449D-B1CF-CA2C86A3F380}.Debug|x86.ActiveCfg = Debug|Any CPU
		{1EA39F7B-3D94-449D-B1CF-CA2C86A3F380}.Debug|x86.Build.0 = Debug|Any CPU
		{1EA39F7B-3D94-449D-B1CF-CA2C86A3F380}.Release|Any CPU.ActiveCfg = Release|Any CPU
		{1EA39F7B-3D94-449D-B1CF-CA2C86A3F380}.Release|Any CPU.Build.0 = Release|Any CPU
		{1EA39F7B-3D94-449D-B1CF-CA2C86A3F380}.Release|x64.ActiveCfg = Release|Any CPU
		{1EA39F7B-3D94-449D-B1CF-CA2C86A3F380}.Release|x64.Build.0 = Release|Any CPU
		{1EA39F7B-3D94-449D-B1CF-CA2C86A3F380}.Release|x86.ActiveCfg = Release|Any CPU
		{1EA39F7B-3D94-449D-B1CF-CA2C86A3F380}.Release|x86.Build.0 = Release|Any CPU
		{3CA53ECF-4BB5-4F44-828B-51DA1DA261C5}.Debug|Any CPU.ActiveCfg = Debug|Any CPU
		{3CA53ECF-4BB5-4F44-828B-51DA1DA261C5}.Debug|Any CPU.Build.0 = Debug|Any CPU
		{3CA53ECF-4BB5-4F44-828B-51DA1DA261C5}.Debug|x64.ActiveCfg = Debug|Any CPU
		{3CA53ECF-4BB5-4F44-828B-51DA1DA261C5}.Debug|x64.Build.0 = Debug|Any CPU
		{3CA53ECF-4BB5-4F44-828B-51DA1DA261C5}.Debug|x86.ActiveCfg = Debug|Any CPU
		{3CA53ECF-4BB5-4F44-828B-51DA1DA261C5}.Debug|x86.Build.0 = Debug|Any CPU
		{3CA53ECF-4BB5-4F44-828B-51DA1DA261C5}.Release|Any CPU.ActiveCfg = Release|Any CPU
		{3CA53ECF-4BB5-4F44-828B-51DA1DA261C5}.Release|Any CPU.Build.0 = Release|Any CPU
		{3CA53ECF-4BB5-4F44-828B-51DA1DA261C5}.Release|x64.ActiveCfg = Release|Any CPU
		{3CA53ECF-4BB5-4F44-828B-51DA1DA261C5}.Release|x64.Build.0 = Release|Any CPU
		{3CA53ECF-4BB5-4F44-828B-51DA1DA261C5}.Release|x86.ActiveCfg = Release|Any CPU
		{3CA53ECF-4BB5-4F44-828B-51DA1DA261C5}.Release|x86.Build.0 = Release|Any CPU
		{9FF7DDF7-C4B4-43A5-86CC-2862EF9F6F3C}.Debug|Any CPU.ActiveCfg = Debug|Any CPU
		{9FF7DDF7-C4B4-43A5-86CC-2862EF9F6F3C}.Debug|Any CPU.Build.0 = Debug|Any CPU
		{9FF7DDF7-C4B4-43A5-86CC-2862EF9F6F3C}.Debug|x64.ActiveCfg = Debug|Any CPU
		{9FF7DDF7-C4B4-43A5-86CC-2862EF9F6F3C}.Debug|x64.Build.0 = Debug|Any CPU
		{9FF7DDF7-C4B4-43A5-86CC-2862EF9F6F3C}.Debug|x86.ActiveCfg = Debug|Any CPU
		{9FF7DDF7-C4B4-43A5-86CC-2862EF9F6F3C}.Debug|x86.Build.0 = Debug|Any CPU
		{9FF7DDF7-C4B4-43A5-86CC-2862EF9F6F3C}.Release|Any CPU.ActiveCfg = Release|Any CPU
		{9FF7DDF7-C4B4-43A5-86CC-2862EF9F6F3C}.Release|Any CPU.Build.0 = Release|Any CPU
		{9FF7DDF7-C4B4-43A5-86CC-2862EF9F6F3C}.Release|x64.ActiveCfg = Release|Any CPU
		{9FF7DDF7-C4B4-43A5-86CC-2862EF9F6F3C}.Release|x64.Build.0 = Release|Any CPU
		{9FF7DDF7-C4B4-43A5-86CC-2862EF9F6F3C}.Release|x86.ActiveCfg = Release|Any CPU
		{9FF7DDF7-C4B4-43A5-86CC-2862EF9F6F3C}.Release|x86.Build.0 = Release|Any CPU
		{E24C3AF5-5DE7-4C99-AED2-F7525524C215}.Debug|Any CPU.ActiveCfg = Debug|Any CPU
		{E24C3AF5-5DE7-4C99-AED2-F7525524C215}.Debug|Any CPU.Build.0 = Debug|Any CPU
		{E24C3AF5-5DE7-4C99-AED2-F7525524C215}.Debug|x64.ActiveCfg = Debug|Any CPU
		{E24C3AF5-5DE7-4C99-AED2-F7525524C215}.Debug|x64.Build.0 = Debug|Any CPU
		{E24C3AF5-5DE7-4C99-AED2-F7525524C215}.Debug|x86.ActiveCfg = Debug|Any CPU
		{E24C3AF5-5DE7-4C99-AED2-F7525524C215}.Debug|x86.Build.0 = Debug|Any CPU
		{E24C3AF5-5DE7-4C99-AED2-F7525524C215}.Release|Any CPU.ActiveCfg = Release|Any CPU
		{E24C3AF5-5DE7-4C99-AED2-F7525524C215}.Release|Any CPU.Build.0 = Release|Any CPU
		{E24C3AF5-5DE7-4C99-AED2-F7525524C215}.Release|x64.ActiveCfg = Release|Any CPU
		{E24C3AF5-5DE7-4C99-AED2-F7525524C215}.Release|x64.Build.0 = Release|Any CPU
		{E24C3AF5-5DE7-4C99-AED2-F7525524C215}.Release|x86.ActiveCfg = Release|Any CPU
		{E24C3AF5-5DE7-4C99-AED2-F7525524C215}.Release|x86.Build.0 = Release|Any CPU
		{2D57ACB9-51C1-4AB7-ABD5-49096981035C}.Debug|Any CPU.ActiveCfg = Debug|Any CPU
		{2D57ACB9-51C1-4AB7-ABD5-49096981035C}.Debug|Any CPU.Build.0 = Debug|Any CPU
		{2D57ACB9-51C1-4AB7-ABD5-49096981035C}.Debug|x64.ActiveCfg = Debug|Any CPU
		{2D57ACB9-51C1-4AB7-ABD5-49096981035C}.Debug|x64.Build.0 = Debug|Any CPU
		{2D57ACB9-51C1-4AB7-ABD5-49096981035C}.Debug|x86.ActiveCfg = Debug|Any CPU
		{2D57ACB9-51C1-4AB7-ABD5-49096981035C}.Debug|x86.Build.0 = Debug|Any CPU
		{2D57ACB9-51C1-4AB7-ABD5-49096981035C}.Release|Any CPU.ActiveCfg = Release|Any CPU
		{2D57ACB9-51C1-4AB7-ABD5-49096981035C}.Release|Any CPU.Build.0 = Release|Any CPU
		{2D57ACB9-51C1-4AB7-ABD5-49096981035C}.Release|x64.ActiveCfg = Release|Any CPU
		{2D57ACB9-51C1-4AB7-ABD5-49096981035C}.Release|x64.Build.0 = Release|Any CPU
		{2D57ACB9-51C1-4AB7-ABD5-49096981035C}.Release|x86.ActiveCfg = Release|Any CPU
		{2D57ACB9-51C1-4AB7-ABD5-49096981035C}.Release|x86.Build.0 = Release|Any CPU
		{8EC48BD0-E0E6-4657-B03B-AE676736A7FA}.Debug|Any CPU.ActiveCfg = Debug|Any CPU
		{8EC48BD0-E0E6-4657-B03B-AE676736A7FA}.Debug|Any CPU.Build.0 = Debug|Any CPU
		{8EC48BD0-E0E6-4657-B03B-AE676736A7FA}.Debug|x64.ActiveCfg = Debug|Any CPU
		{8EC48BD0-E0E6-4657-B03B-AE676736A7FA}.Debug|x64.Build.0 = Debug|Any CPU
		{8EC48BD0-E0E6-4657-B03B-AE676736A7FA}.Debug|x86.ActiveCfg = Debug|Any CPU
		{8EC48BD0-E0E6-4657-B03B-AE676736A7FA}.Debug|x86.Build.0 = Debug|Any CPU
		{8EC48BD0-E0E6-4657-B03B-AE676736A7FA}.Release|Any CPU.ActiveCfg = Release|Any CPU
		{8EC48BD0-E0E6-4657-B03B-AE676736A7FA}.Release|Any CPU.Build.0 = Release|Any CPU
		{8EC48BD0-E0E6-4657-B03B-AE676736A7FA}.Release|x64.ActiveCfg = Release|Any CPU
		{8EC48BD0-E0E6-4657-B03B-AE676736A7FA}.Release|x64.Build.0 = Release|Any CPU
		{8EC48BD0-E0E6-4657-B03B-AE676736A7FA}.Release|x86.ActiveCfg = Release|Any CPU
		{8EC48BD0-E0E6-4657-B03B-AE676736A7FA}.Release|x86.Build.0 = Release|Any CPU
		{E62D7072-1329-44AE-A5B9-8EDC2FBCA821}.Debug|Any CPU.ActiveCfg = Debug|Any CPU
		{E62D7072-1329-44AE-A5B9-8EDC2FBCA821}.Debug|Any CPU.Build.0 = Debug|Any CPU
		{E62D7072-1329-44AE-A5B9-8EDC2FBCA821}.Debug|x64.ActiveCfg = Debug|Any CPU
		{E62D7072-1329-44AE-A5B9-8EDC2FBCA821}.Debug|x64.Build.0 = Debug|Any CPU
		{E62D7072-1329-44AE-A5B9-8EDC2FBCA821}.Debug|x86.ActiveCfg = Debug|Any CPU
		{E62D7072-1329-44AE-A5B9-8EDC2FBCA821}.Debug|x86.Build.0 = Debug|Any CPU
		{E62D7072-1329-44AE-A5B9-8EDC2FBCA821}.Release|Any CPU.ActiveCfg = Release|Any CPU
		{E62D7072-1329-44AE-A5B9-8EDC2FBCA821}.Release|Any CPU.Build.0 = Release|Any CPU
		{E62D7072-1329-44AE-A5B9-8EDC2FBCA821}.Release|x64.ActiveCfg = Release|Any CPU
		{E62D7072-1329-44AE-A5B9-8EDC2FBCA821}.Release|x64.Build.0 = Release|Any CPU
		{E62D7072-1329-44AE-A5B9-8EDC2FBCA821}.Release|x86.ActiveCfg = Release|Any CPU
		{E62D7072-1329-44AE-A5B9-8EDC2FBCA821}.Release|x86.Build.0 = Release|Any CPU
		{4122D8D0-E757-4B75-9D4F-D7A2203AF025}.Debug|Any CPU.ActiveCfg = Debug|Any CPU
		{4122D8D0-E757-4B75-9D4F-D7A2203AF025}.Debug|Any CPU.Build.0 = Debug|Any CPU
		{4122D8D0-E757-4B75-9D4F-D7A2203AF025}.Debug|x64.ActiveCfg = Debug|Any CPU
		{4122D8D0-E757-4B75-9D4F-D7A2203AF025}.Debug|x64.Build.0 = Debug|Any CPU
		{4122D8D0-E757-4B75-9D4F-D7A2203AF025}.Debug|x86.ActiveCfg = Debug|Any CPU
		{4122D8D0-E757-4B75-9D4F-D7A2203AF025}.Debug|x86.Build.0 = Debug|Any CPU
		{4122D8D0-E757-4B75-9D4F-D7A2203AF025}.Release|Any CPU.ActiveCfg = Release|Any CPU
		{4122D8D0-E757-4B75-9D4F-D7A2203AF025}.Release|Any CPU.Build.0 = Release|Any CPU
		{4122D8D0-E757-4B75-9D4F-D7A2203AF025}.Release|x64.ActiveCfg = Release|Any CPU
		{4122D8D0-E757-4B75-9D4F-D7A2203AF025}.Release|x64.Build.0 = Release|Any CPU
		{4122D8D0-E757-4B75-9D4F-D7A2203AF025}.Release|x86.ActiveCfg = Release|Any CPU
		{4122D8D0-E757-4B75-9D4F-D7A2203AF025}.Release|x86.Build.0 = Release|Any CPU
		{B7AE8B6C-987F-4563-B48A-29F792F9E633}.Debug|Any CPU.ActiveCfg = Debug|Any CPU
		{B7AE8B6C-987F-4563-B48A-29F792F9E633}.Debug|Any CPU.Build.0 = Debug|Any CPU
		{B7AE8B6C-987F-4563-B48A-29F792F9E633}.Debug|x64.ActiveCfg = Debug|Any CPU
		{B7AE8B6C-987F-4563-B48A-29F792F9E633}.Debug|x64.Build.0 = Debug|Any CPU
		{B7AE8B6C-987F-4563-B48A-29F792F9E633}.Debug|x86.ActiveCfg = Debug|Any CPU
		{B7AE8B6C-987F-4563-B48A-29F792F9E633}.Debug|x86.Build.0 = Debug|Any CPU
		{B7AE8B6C-987F-4563-B48A-29F792F9E633}.Release|Any CPU.ActiveCfg = Release|Any CPU
		{B7AE8B6C-987F-4563-B48A-29F792F9E633}.Release|Any CPU.Build.0 = Release|Any CPU
		{B7AE8B6C-987F-4563-B48A-29F792F9E633}.Release|x64.ActiveCfg = Release|Any CPU
		{B7AE8B6C-987F-4563-B48A-29F792F9E633}.Release|x64.Build.0 = Release|Any CPU
		{B7AE8B6C-987F-4563-B48A-29F792F9E633}.Release|x86.ActiveCfg = Release|Any CPU
		{B7AE8B6C-987F-4563-B48A-29F792F9E633}.Release|x86.Build.0 = Release|Any CPU
		{1E650479-C392-4D35-A42E-8E4890229599}.Debug|Any CPU.ActiveCfg = Debug|Any CPU
		{1E650479-C392-4D35-A42E-8E4890229599}.Debug|Any CPU.Build.0 = Debug|Any CPU
		{1E650479-C392-4D35-A42E-8E4890229599}.Debug|x64.ActiveCfg = Debug|Any CPU
		{1E650479-C392-4D35-A42E-8E4890229599}.Debug|x64.Build.0 = Debug|Any CPU
		{1E650479-C392-4D35-A42E-8E4890229599}.Debug|x86.ActiveCfg = Debug|Any CPU
		{1E650479-C392-4D35-A42E-8E4890229599}.Debug|x86.Build.0 = Debug|Any CPU
		{1E650479-C392-4D35-A42E-8E4890229599}.Release|Any CPU.ActiveCfg = Release|Any CPU
		{1E650479-C392-4D35-A42E-8E4890229599}.Release|Any CPU.Build.0 = Release|Any CPU
		{1E650479-C392-4D35-A42E-8E4890229599}.Release|x64.ActiveCfg = Release|Any CPU
		{1E650479-C392-4D35-A42E-8E4890229599}.Release|x64.Build.0 = Release|Any CPU
		{1E650479-C392-4D35-A42E-8E4890229599}.Release|x86.ActiveCfg = Release|Any CPU
		{1E650479-C392-4D35-A42E-8E4890229599}.Release|x86.Build.0 = Release|Any CPU
		{0589F8C3-B532-4862-A933-57FF61FDB43F}.Debug|Any CPU.ActiveCfg = Debug|Any CPU
		{0589F8C3-B532-4862-A933-57FF61FDB43F}.Debug|Any CPU.Build.0 = Debug|Any CPU
		{0589F8C3-B532-4862-A933-57FF61FDB43F}.Debug|x64.ActiveCfg = Debug|Any CPU
		{0589F8C3-B532-4862-A933-57FF61FDB43F}.Debug|x64.Build.0 = Debug|Any CPU
		{0589F8C3-B532-4862-A933-57FF61FDB43F}.Debug|x86.ActiveCfg = Debug|Any CPU
		{0589F8C3-B532-4862-A933-57FF61FDB43F}.Debug|x86.Build.0 = Debug|Any CPU
		{0589F8C3-B532-4862-A933-57FF61FDB43F}.Release|Any CPU.ActiveCfg = Release|Any CPU
		{0589F8C3-B532-4862-A933-57FF61FDB43F}.Release|Any CPU.Build.0 = Release|Any CPU
		{0589F8C3-B532-4862-A933-57FF61FDB43F}.Release|x64.ActiveCfg = Release|Any CPU
		{0589F8C3-B532-4862-A933-57FF61FDB43F}.Release|x64.Build.0 = Release|Any CPU
		{0589F8C3-B532-4862-A933-57FF61FDB43F}.Release|x86.ActiveCfg = Release|Any CPU
		{0589F8C3-B532-4862-A933-57FF61FDB43F}.Release|x86.Build.0 = Release|Any CPU
		{73192B86-FE9E-49C9-A421-367F21E95152}.Debug|Any CPU.ActiveCfg = Debug|Any CPU
		{73192B86-FE9E-49C9-A421-367F21E95152}.Debug|Any CPU.Build.0 = Debug|Any CPU
		{73192B86-FE9E-49C9-A421-367F21E95152}.Debug|x64.ActiveCfg = Debug|Any CPU
		{73192B86-FE9E-49C9-A421-367F21E95152}.Debug|x64.Build.0 = Debug|Any CPU
		{73192B86-FE9E-49C9-A421-367F21E95152}.Debug|x86.ActiveCfg = Debug|Any CPU
		{73192B86-FE9E-49C9-A421-367F21E95152}.Debug|x86.Build.0 = Debug|Any CPU
		{73192B86-FE9E-49C9-A421-367F21E95152}.Release|Any CPU.ActiveCfg = Release|Any CPU
		{73192B86-FE9E-49C9-A421-367F21E95152}.Release|Any CPU.Build.0 = Release|Any CPU
		{73192B86-FE9E-49C9-A421-367F21E95152}.Release|x64.ActiveCfg = Release|Any CPU
		{73192B86-FE9E-49C9-A421-367F21E95152}.Release|x64.Build.0 = Release|Any CPU
		{73192B86-FE9E-49C9-A421-367F21E95152}.Release|x86.ActiveCfg = Release|Any CPU
		{73192B86-FE9E-49C9-A421-367F21E95152}.Release|x86.Build.0 = Release|Any CPU
	EndGlobalSection
	GlobalSection(SolutionProperties) = preSolution
		HideSolutionNode = FALSE
	EndGlobalSection
	GlobalSection(NestedProjects) = preSolution
		{E062A46A-299F-468D-848C-7F660DED955C} = {36B0B268-BEB8-41AB-9ABC-D4030362F3F1}
		{1EA39F7B-3D94-449D-B1CF-CA2C86A3F380} = {E062A46A-299F-468D-848C-7F660DED955C}
		{B6133241-F90E-419D-AC40-F1C490F33744} = {36B0B268-BEB8-41AB-9ABC-D4030362F3F1}
		{3CA53ECF-4BB5-4F44-828B-51DA1DA261C5} = {B6133241-F90E-419D-AC40-F1C490F33744}
		{9FF7DDF7-C4B4-43A5-86CC-2862EF9F6F3C} = {B6133241-F90E-419D-AC40-F1C490F33744}
		{E24C3AF5-5DE7-4C99-AED2-F7525524C215} = {B6133241-F90E-419D-AC40-F1C490F33744}
		{2D57ACB9-51C1-4AB7-ABD5-49096981035C} = {B6133241-F90E-419D-AC40-F1C490F33744}
		{11BD20BD-13E2-4B9B-9EBE-B719ACB4A923} = {36B0B268-BEB8-41AB-9ABC-D4030362F3F1}
		{8EC48BD0-E0E6-4657-B03B-AE676736A7FA} = {11BD20BD-13E2-4B9B-9EBE-B719ACB4A923}
		{09AB0B3E-D500-4B23-B5AC-85ACABCF739A} = {36B0B268-BEB8-41AB-9ABC-D4030362F3F1}
		{E62D7072-1329-44AE-A5B9-8EDC2FBCA821} = {09AB0B3E-D500-4B23-B5AC-85ACABCF739A}
		{2BBEB365-3881-4600-A25F-8A4C98605BC6} = {36B0B268-BEB8-41AB-9ABC-D4030362F3F1}
		{4122D8D0-E757-4B75-9D4F-D7A2203AF025} = {2BBEB365-3881-4600-A25F-8A4C98605BC6}
		{2624F14B-852C-44B0-A46B-5FC8F3D48321} = {36B0B268-BEB8-41AB-9ABC-D4030362F3F1}
		{B7AE8B6C-987F-4563-B48A-29F792F9E633} = {2624F14B-852C-44B0-A46B-5FC8F3D48321}
		{D135FDF0-D4D8-4424-B120-4CC344F0131C} = {36B0B268-BEB8-41AB-9ABC-D4030362F3F1}
		{1E650479-C392-4D35-A42E-8E4890229599} = {D135FDF0-D4D8-4424-B120-4CC344F0131C}
		{0589F8C3-B532-4862-A933-57FF61FDB43F} = {E062A46A-299F-468D-848C-7F660DED955C}
		{893402DB-5845-4A09-B4AA-6B99E9933AFA} = {36B0B268-BEB8-41AB-9ABC-D4030362F3F1}
		{73192B86-FE9E-49C9-A421-367F21E95152} = {893402DB-5845-4A09-B4AA-6B99E9933AFA}
	EndGlobalSection
	GlobalSection(ExtensibilityGlobals) = postSolution
		SolutionGuid = {18F61932-D495-42FB-BCD1-C3839D5B1042}
	EndGlobalSection
EndGlobal
